# THIS IS AN AUTOGENERATED FILE. DO NOT EDIT THIS FILE DIRECTLY.
# yarn lockfile v1


"@babel/helper-string-parser@^7.25.9":
  version "7.25.9"
  resolved "http://r.npm.sankuai.com/@babel/helper-string-parser/download/@babel/helper-string-parser-7.25.9.tgz#1aabb72ee72ed35789b4bbcad3ca2862ce614e8c"
  integrity sha1-Gqu3Lucu01eJtLvK08ooYs5hTow=

"@babel/helper-validator-identifier@^7.25.9":
  version "7.25.9"
  resolved "http://r.npm.sankuai.com/@babel/helper-validator-identifier/download/@babel/helper-validator-identifier-7.25.9.tgz#24b64e2c3ec7cd3b3c547729b8d16871f22cbdc7"
  integrity sha1-JLZOLD7HzTs8VHcpuNFocfIsvcc=

"@babel/parser@^7.25.3":
  version "7.27.0"
  resolved "http://r.npm.sankuai.com/@babel/parser/download/@babel/parser-7.27.0.tgz#3d7d6ee268e41d2600091cbd4e145ffee85a44ec"
  integrity sha1-PX1u4mjkHSYACRy9ThRf/uhaROw=
  dependencies:
    "@babel/types" "^7.27.0"

"@babel/types@^7.27.0":
  version "7.27.0"
  resolved "http://r.npm.sankuai.com/@babel/types/download/@babel/types-7.27.0.tgz#ef9acb6b06c3173f6632d993ecb6d4ae470b4559"
  integrity sha1-75rLawbDFz9mMtmT7LbUrkcLRVk=
  dependencies:
    "@babel/helper-string-parser" "^7.25.9"
    "@babel/helper-validator-identifier" "^7.25.9"

"@ctrl/tinycolor@^3.4.1":
  version "3.6.1"
  resolved "http://r.npm.sankuai.com/@ctrl/tinycolor/download/@ctrl/tinycolor-3.6.1.tgz#b6c75a56a1947cc916ea058772d666a2c8932f31"
  integrity sha1-tsdaVqGUfMkW6gWHctZmosiTLzE=

"@element-plus/icons-vue@^2.3.1":
  version "2.3.1"
  resolved "http://r.npm.sankuai.com/@element-plus/icons-vue/download/@element-plus/icons-vue-2.3.1.tgz#1f635ad5fdd5c85ed936481525570e82b5a8307a"
  integrity sha1-H2Na1f3VyF7ZNkgVJVcOgrWoMHo=

"@esbuild/android-arm64@0.18.20":
  version "0.18.20"
  resolved "http://r.npm.sankuai.com/@esbuild/android-arm64/download/@esbuild/android-arm64-0.18.20.tgz#984b4f9c8d0377443cc2dfcef266d02244593622"
  integrity sha1-mEtPnI0Dd0Q8wt/O8mbQIkRZNiI=

"@esbuild/android-arm@0.18.20":
  version "0.18.20"
  resolved "http://r.npm.sankuai.com/@esbuild/android-arm/download/@esbuild/android-arm-0.18.20.tgz#fedb265bc3a589c84cc11f810804f234947c3682"
  integrity sha1-/tsmW8OlichMwR+BCATyNJR8NoI=

"@esbuild/android-x64@0.18.20":
  version "0.18.20"
  resolved "http://r.npm.sankuai.com/@esbuild/android-x64/download/@esbuild/android-x64-0.18.20.tgz#35cf419c4cfc8babe8893d296cd990e9e9f756f2"
  integrity sha1-Nc9BnEz8i6voiT0pbNmQ6en3VvI=

"@esbuild/darwin-arm64@0.18.20":
  version "0.18.20"
  resolved "http://r.npm.sankuai.com/@esbuild/darwin-arm64/download/@esbuild/darwin-arm64-0.18.20.tgz#08172cbeccf95fbc383399a7f39cfbddaeb0d7c1"
  integrity sha1-CBcsvsz5X7w4M5mn85z73a6w18E=

"@esbuild/darwin-x64@0.18.20":
  version "0.18.20"
  resolved "http://r.npm.sankuai.com/@esbuild/darwin-x64/download/@esbuild/darwin-x64-0.18.20.tgz#d70d5790d8bf475556b67d0f8b7c5bdff053d85d"
  integrity sha1-1w1XkNi/R1VWtn0Pi3xb3/BT2F0=

"@esbuild/freebsd-arm64@0.18.20":
  version "0.18.20"
  resolved "http://r.npm.sankuai.com/@esbuild/freebsd-arm64/download/@esbuild/freebsd-arm64-0.18.20.tgz#98755cd12707f93f210e2494d6a4b51b96977f54"
  integrity sha1-mHVc0ScH+T8hDiSU1qS1G5aXf1Q=

"@esbuild/freebsd-x64@0.18.20":
  version "0.18.20"
  resolved "http://r.npm.sankuai.com/@esbuild/freebsd-x64/download/@esbuild/freebsd-x64-0.18.20.tgz#c1eb2bff03915f87c29cece4c1a7fa1f423b066e"
  integrity sha1-wesr/wORX4fCnOzkwaf6H0I7Bm4=

"@esbuild/linux-arm64@0.18.20":
  version "0.18.20"
  resolved "http://r.npm.sankuai.com/@esbuild/linux-arm64/download/@esbuild/linux-arm64-0.18.20.tgz#bad4238bd8f4fc25b5a021280c770ab5fc3a02a0"
  integrity sha1-utQji9j0/CW1oCEoDHcKtfw6AqA=

"@esbuild/linux-arm@0.18.20":
  version "0.18.20"
  resolved "http://r.npm.sankuai.com/@esbuild/linux-arm/download/@esbuild/linux-arm-0.18.20.tgz#3e617c61f33508a27150ee417543c8ab5acc73b0"
  integrity sha1-PmF8YfM1CKJxUO5BdUPIq1rMc7A=

"@esbuild/linux-ia32@0.18.20":
  version "0.18.20"
  resolved "http://r.npm.sankuai.com/@esbuild/linux-ia32/download/@esbuild/linux-ia32-0.18.20.tgz#699391cccba9aee6019b7f9892eb99219f1570a7"
  integrity sha1-aZORzMupruYBm3+YkuuZIZ8VcKc=

"@esbuild/linux-loong64@0.18.20":
  version "0.18.20"
  resolved "http://r.npm.sankuai.com/@esbuild/linux-loong64/download/@esbuild/linux-loong64-0.18.20.tgz#e6fccb7aac178dd2ffb9860465ac89d7f23b977d"
  integrity sha1-5vzLeqwXjdL/uYYEZayJ1/I7l30=

"@esbuild/linux-mips64el@0.18.20":
  version "0.18.20"
  resolved "http://r.npm.sankuai.com/@esbuild/linux-mips64el/download/@esbuild/linux-mips64el-0.18.20.tgz#eeff3a937de9c2310de30622a957ad1bd9183231"
  integrity sha1-7v86k33pwjEN4wYiqVetG9kYMjE=

"@esbuild/linux-ppc64@0.18.20":
  version "0.18.20"
  resolved "http://r.npm.sankuai.com/@esbuild/linux-ppc64/download/@esbuild/linux-ppc64-0.18.20.tgz#2f7156bde20b01527993e6881435ad79ba9599fb"
  integrity sha1-L3FWveILAVJ5k+aIFDWtebqVmfs=

"@esbuild/linux-riscv64@0.18.20":
  version "0.18.20"
  resolved "http://r.npm.sankuai.com/@esbuild/linux-riscv64/download/@esbuild/linux-riscv64-0.18.20.tgz#6628389f210123d8b4743045af8caa7d4ddfc7a6"
  integrity sha1-Zig4nyEBI9i0dDBFr4yqfU3fx6Y=

"@esbuild/linux-s390x@0.18.20":
  version "0.18.20"
  resolved "http://r.npm.sankuai.com/@esbuild/linux-s390x/download/@esbuild/linux-s390x-0.18.20.tgz#255e81fb289b101026131858ab99fba63dcf0071"
  integrity sha1-JV6B+yibEBAmExhYq5n7pj3PAHE=

"@esbuild/linux-x64@0.18.20":
  version "0.18.20"
  resolved "http://r.npm.sankuai.com/@esbuild/linux-x64/download/@esbuild/linux-x64-0.18.20.tgz#c7690b3417af318a9b6f96df3031a8865176d338"
  integrity sha1-x2kLNBevMYqbb5bfMDGohlF20zg=

"@esbuild/netbsd-x64@0.18.20":
  version "0.18.20"
  resolved "http://r.npm.sankuai.com/@esbuild/netbsd-x64/download/@esbuild/netbsd-x64-0.18.20.tgz#30e8cd8a3dded63975e2df2438ca109601ebe0d1"
  integrity sha1-MOjNij3e1jl14t8kOMoQlgHr4NE=

"@esbuild/openbsd-x64@0.18.20":
  version "0.18.20"
  resolved "http://r.npm.sankuai.com/@esbuild/openbsd-x64/download/@esbuild/openbsd-x64-0.18.20.tgz#7812af31b205055874c8082ea9cf9ab0da6217ae"
  integrity sha1-eBKvMbIFBVh0yAguqc+asNpiF64=

"@esbuild/sunos-x64@0.18.20":
  version "0.18.20"
  resolved "http://r.npm.sankuai.com/@esbuild/sunos-x64/download/@esbuild/sunos-x64-0.18.20.tgz#d5c275c3b4e73c9b0ecd38d1ca62c020f887ab9d"
  integrity sha1-1cJ1w7TnPJsOzTjRymLAIPiHq50=

"@esbuild/win32-arm64@0.18.20":
  version "0.18.20"
  resolved "http://r.npm.sankuai.com/@esbuild/win32-arm64/download/@esbuild/win32-arm64-0.18.20.tgz#73bc7f5a9f8a77805f357fab97f290d0e4820ac9"
  integrity sha1-c7x/Wp+Kd4BfNX+rl/KQ0OSCCsk=

"@esbuild/win32-ia32@0.18.20":
  version "0.18.20"
  resolved "http://r.npm.sankuai.com/@esbuild/win32-ia32/download/@esbuild/win32-ia32-0.18.20.tgz#ec93cbf0ef1085cc12e71e0d661d20569ff42102"
  integrity sha1-7JPL8O8QhcwS5x4NZh0gVp/0IQI=

"@esbuild/win32-x64@0.18.20":
  version "0.18.20"
  resolved "http://r.npm.sankuai.com/@esbuild/win32-x64/download/@esbuild/win32-x64-0.18.20.tgz#786c5f41f043b07afb1af37683d7c33668858f6d"
  integrity sha1-eGxfQfBDsHr7GvN2g9fDNmiFj20=

"@floating-ui/core@^1.6.0":
  version "1.6.9"
  resolved "http://r.npm.sankuai.com/@floating-ui/core/download/@floating-ui/core-1.6.9.tgz#64d1da251433019dafa091de9b2886ff35ec14e6"
  integrity sha1-ZNHaJRQzAZ2voJHemyiG/zXsFOY=
  dependencies:
    "@floating-ui/utils" "^0.2.9"

"@floating-ui/dom@^1.0.1":
  version "1.6.13"
  resolved "http://r.npm.sankuai.com/@floating-ui/dom/download/@floating-ui/dom-1.6.13.tgz#a8a938532aea27a95121ec16e667a7cbe8c59e34"
  integrity sha1-qKk4UyrqJ6lRIewW5meny+jFnjQ=
  dependencies:
    "@floating-ui/core" "^1.6.0"
    "@floating-ui/utils" "^0.2.9"

"@floating-ui/utils@^0.2.9":
  version "0.2.9"
  resolved "http://r.npm.sankuai.com/@floating-ui/utils/download/@floating-ui/utils-0.2.9.tgz#50dea3616bc8191fb8e112283b49eaff03e78429"
  integrity sha1-UN6jYWvIGR+44RIoO0nq/wPnhCk=

"@jridgewell/sourcemap-codec@^1.5.0":
  version "1.5.0"
  resolved "http://r.npm.sankuai.com/@jridgewell/sourcemap-codec/download/@jridgewell/sourcemap-codec-1.5.0.tgz#3188bcb273a414b0d215fd22a58540b989b9409a"
  integrity sha1-MYi8snOkFLDSFf0ipYVAuYm5QJo=

"@popperjs/core@npm:@sxzz/popperjs-es@^2.11.7":
  version "2.11.7"
  resolved "http://r.npm.sankuai.com/@sxzz/popperjs-es/download/@sxzz/popperjs-es-2.11.7.tgz#a7f69e3665d3da9b115f9e71671dae1b97e13671"
  integrity sha1-p/aeNmXT2psRX55xZx2uG5fhNnE=

"@types/lodash-es@^4.17.6":
  version "4.17.12"
  resolved "http://r.npm.sankuai.com/@types/lodash-es/download/@types/lodash-es-4.17.12.tgz#65f6d1e5f80539aa7cfbfc962de5def0cf4f341b"
  integrity sha1-ZfbR5fgFOap8+/yWLeXe8M9PNBs=
  dependencies:
    "@types/lodash" "*"

"@types/lodash@*", "@types/lodash@^4.14.182":
  version "4.17.16"
  resolved "http://r.npm.sankuai.com/@types/lodash/download/@types/lodash-4.17.16.tgz#94ae78fab4a38d73086e962d0b65c30d816bfb0a"
  integrity sha1-lK54+rSjjXMIbpYtC2XDDYFr+wo=

"@types/web-bluetooth@^0.0.16":
  version "0.0.16"
  resolved "http://r.npm.sankuai.com/@types/web-bluetooth/download/@types/web-bluetooth-0.0.16.tgz#1d12873a8e49567371f2a75fe3e7f7edca6662d8"
  integrity sha1-HRKHOo5JVnNx8qdf4+f37cpmYtg=

"@vitejs/plugin-vue@^4.2.3":
  version "4.6.2"
  resolved "http://r.npm.sankuai.com/@vitejs/plugin-vue/download/@vitejs/plugin-vue-4.6.2.tgz#057d2ded94c4e71b94e9814f92dcd9306317aa46"
  integrity sha1-BX0t7ZTE5xuU6YFPktzZMGMXqkY=

"@vue/compiler-core@3.5.13":
  version "3.5.13"
  resolved "http://r.npm.sankuai.com/@vue/compiler-core/download/@vue/compiler-core-3.5.13.tgz#b0ae6c4347f60c03e849a05d34e5bf747c9bda05"
  integrity sha1-sK5sQ0f2DAPoSaBdNOW/dHyb2gU=
  dependencies:
    "@babel/parser" "^7.25.3"
    "@vue/shared" "3.5.13"
    entities "^4.5.0"
    estree-walker "^2.0.2"
    source-map-js "^1.2.0"

"@vue/compiler-dom@3.5.13":
  version "3.5.13"
  resolved "http://r.npm.sankuai.com/@vue/compiler-dom/download/@vue/compiler-dom-3.5.13.tgz#bb1b8758dbc542b3658dda973b98a1c9311a8a58"
  integrity sha1-uxuHWNvFQrNljdqXO5ihyTEailg=
  dependencies:
    "@vue/compiler-core" "3.5.13"
    "@vue/shared" "3.5.13"

"@vue/compiler-sfc@3.5.13":
  version "3.5.13"
  resolved "http://r.npm.sankuai.com/@vue/compiler-sfc/download/@vue/compiler-sfc-3.5.13.tgz#461f8bd343b5c06fac4189c4fef8af32dea82b46"
  integrity sha1-Rh+L00O1wG+sQYnE/vivMt6oK0Y=
  dependencies:
    "@babel/parser" "^7.25.3"
    "@vue/compiler-core" "3.5.13"
    "@vue/compiler-dom" "3.5.13"
    "@vue/compiler-ssr" "3.5.13"
    "@vue/shared" "3.5.13"
    estree-walker "^2.0.2"
    magic-string "^0.30.11"
    postcss "^8.4.48"
    source-map-js "^1.2.0"

"@vue/compiler-ssr@3.5.13":
  version "3.5.13"
  resolved "http://r.npm.sankuai.com/@vue/compiler-ssr/download/@vue/compiler-ssr-3.5.13.tgz#e771adcca6d3d000f91a4277c972a996d07f43ba"
  integrity sha1-53GtzKbT0AD5GkJ3yXKpltB/Q7o=
  dependencies:
    "@vue/compiler-dom" "3.5.13"
    "@vue/shared" "3.5.13"

"@vue/devtools-api@^6.6.4":
  version "6.6.4"
  resolved "http://r.npm.sankuai.com/@vue/devtools-api/download/@vue/devtools-api-6.6.4.tgz#cbe97fe0162b365edc1dba80e173f90492535343"
  integrity sha1-y+l/4BYrNl7cHbqA4XP5BJJTU0M=

"@vue/reactivity@3.5.13":
  version "3.5.13"
  resolved "http://r.npm.sankuai.com/@vue/reactivity/download/@vue/reactivity-3.5.13.tgz#b41ff2bb865e093899a22219f5b25f97b6fe155f"
  integrity sha1-tB/yu4ZeCTiZoiIZ9bJfl7b+FV8=
  dependencies:
    "@vue/shared" "3.5.13"

"@vue/runtime-core@3.5.13":
  version "3.5.13"
  resolved "http://r.npm.sankuai.com/@vue/runtime-core/download/@vue/runtime-core-3.5.13.tgz#1fafa4bf0b97af0ebdd9dbfe98cd630da363a455"
  integrity sha1-H6+kvwuXrw692dv+mM1jDaNjpFU=
  dependencies:
    "@vue/reactivity" "3.5.13"
    "@vue/shared" "3.5.13"

"@vue/runtime-dom@3.5.13":
  version "3.5.13"
  resolved "http://r.npm.sankuai.com/@vue/runtime-dom/download/@vue/runtime-dom-3.5.13.tgz#610fc795de9246300e8ae8865930d534e1246215"
  integrity sha1-YQ/Hld6SRjAOiuiGWTDVNOEkYhU=
  dependencies:
    "@vue/reactivity" "3.5.13"
    "@vue/runtime-core" "3.5.13"
    "@vue/shared" "3.5.13"
    csstype "^3.1.3"

"@vue/server-renderer@3.5.13":
  version "3.5.13"
  resolved "http://r.npm.sankuai.com/@vue/server-renderer/download/@vue/server-renderer-3.5.13.tgz#429ead62ee51de789646c22efe908e489aad46f7"
  integrity sha1-Qp6tYu5R3niWRsIu/pCOSJqtRvc=
  dependencies:
    "@vue/compiler-ssr" "3.5.13"
    "@vue/shared" "3.5.13"

"@vue/shared@3.5.13":
  version "3.5.13"
  resolved "http://r.npm.sankuai.com/@vue/shared/download/@vue/shared-3.5.13.tgz#87b309a6379c22b926e696893237826f64339b6f"
  integrity sha1-h7MJpjecIrkm5paJMjeCb2Qzm28=

"@vueuse/core@^9.1.0":
  version "9.13.0"
  resolved "http://r.npm.sankuai.com/@vueuse/core/download/@vueuse/core-9.13.0.tgz#2f69e66d1905c1e4eebc249a01759cf88ea00cf4"
  integrity sha1-L2nmbRkFweTuvCSaAXWc+I6gDPQ=
  dependencies:
    "@types/web-bluetooth" "^0.0.16"
    "@vueuse/metadata" "9.13.0"
    "@vueuse/shared" "9.13.0"
    vue-demi "*"

"@vueuse/metadata@9.13.0":
  version "9.13.0"
  resolved "http://r.npm.sankuai.com/@vueuse/metadata/download/@vueuse/metadata-9.13.0.tgz#bc25a6cdad1b1a93c36ce30191124da6520539ff"
  integrity sha1-vCWmza0bGpPDbOMBkRJNplIFOf8=

"@vueuse/shared@9.13.0":
  version "9.13.0"
  resolved "http://r.npm.sankuai.com/@vueuse/shared/download/@vueuse/shared-9.13.0.tgz#089ff4cc4e2e7a4015e57a8f32e4b39d096353b9"
  integrity sha1-CJ/0zE4uekAV5XqPMuSznQljU7k=
  dependencies:
    vue-demi "*"

async-validator@^4.2.5:
  version "4.2.5"
  resolved "http://r.npm.sankuai.com/async-validator/download/async-validator-4.2.5.tgz#c96ea3332a521699d0afaaceed510a54656c6339"
  integrity sha1-yW6jMypSFpnQr6rO7VEKVGVsYzk=

bootstrap@^5.3.0:
  version "5.3.5"
  resolved "http://r.npm.sankuai.com/bootstrap/download/bootstrap-5.3.5.tgz#be42cfe0d580e97ee1abb7d38ce94f5c393c9bb6"
  integrity sha1-vkLP4NWA6X7hq7fTjOlPXDk8m7Y=

core-js@^3.8.3:
  version "3.41.0"
  resolved "http://r.npm.sankuai.com/core-js/download/core-js-3.41.0.tgz#57714dafb8c751a6095d028a7428f1fb5834a776"
  integrity sha1-V3FNr7jHUaYJXQKKdCjx+1g0p3Y=

csstype@^3.1.3:
  version "3.1.3"
  resolved "http://r.npm.sankuai.com/csstype/download/csstype-3.1.3.tgz#d80ff294d114fb0e6ac500fbf85b60137d7eff81"
  integrity sha1-2A/ylNEU+w5qxQD7+FtgE31+/4E=

dayjs@^1.11.13:
  version "1.11.13"
  resolved "http://r.npm.sankuai.com/dayjs/download/dayjs-1.11.13.tgz#92430b0139055c3ebb60150aa13e860a4b5a366c"
  integrity sha1-kkMLATkFXD67YBUKoT6GCktaNmw=

element-plus@^2.9.7:
  version "2.9.7"
  resolved "http://r.npm.sankuai.com/element-plus/download/element-plus-2.9.7.tgz#05bcc35de1d98192d25ebfd06fff7d6d2de9f911"
  integrity sha1-BbzDXeHZgZLSXr/Qb/99bS3p+RE=
  dependencies:
    "@ctrl/tinycolor" "^3.4.1"
    "@element-plus/icons-vue" "^2.3.1"
    "@floating-ui/dom" "^1.0.1"
    "@popperjs/core" "npm:@sxzz/popperjs-es@^2.11.7"
    "@types/lodash" "^4.14.182"
    "@types/lodash-es" "^4.17.6"
    "@vueuse/core" "^9.1.0"
    async-validator "^4.2.5"
    dayjs "^1.11.13"
    escape-html "^1.0.3"
    lodash "^4.17.21"
    lodash-es "^4.17.21"
    lodash-unified "^1.0.2"
    memoize-one "^6.0.0"
    normalize-wheel-es "^1.2.0"

entities@^4.5.0:
  version "4.5.0"
  resolved "http://r.npm.sankuai.com/entities/download/entities-4.5.0.tgz#5d268ea5e7113ec74c4d033b79ea5a35a488fb48"
  integrity sha1-XSaOpecRPsdMTQM7eepaNaSI+0g=

esbuild@^0.18.10:
  version "0.18.20"
  resolved "http://r.npm.sankuai.com/esbuild/download/esbuild-0.18.20.tgz#4709f5a34801b43b799ab7d6d82f7284a9b7a7a6"
  integrity sha1-Rwn1o0gBtDt5mrfW2C9yhKm3p6Y=
  optionalDependencies:
    "@esbuild/android-arm" "0.18.20"
    "@esbuild/android-arm64" "0.18.20"
    "@esbuild/android-x64" "0.18.20"
    "@esbuild/darwin-arm64" "0.18.20"
    "@esbuild/darwin-x64" "0.18.20"
    "@esbuild/freebsd-arm64" "0.18.20"
    "@esbuild/freebsd-x64" "0.18.20"
    "@esbuild/linux-arm" "0.18.20"
    "@esbuild/linux-arm64" "0.18.20"
    "@esbuild/linux-ia32" "0.18.20"
    "@esbuild/linux-loong64" "0.18.20"
    "@esbuild/linux-mips64el" "0.18.20"
    "@esbuild/linux-ppc64" "0.18.20"
    "@esbuild/linux-riscv64" "0.18.20"
    "@esbuild/linux-s390x" "0.18.20"
    "@esbuild/linux-x64" "0.18.20"
    "@esbuild/netbsd-x64" "0.18.20"
    "@esbuild/openbsd-x64" "0.18.20"
    "@esbuild/sunos-x64" "0.18.20"
    "@esbuild/win32-arm64" "0.18.20"
    "@esbuild/win32-ia32" "0.18.20"
    "@esbuild/win32-x64" "0.18.20"

escape-html@^1.0.3:
  version "1.0.3"
  resolved "http://r.npm.sankuai.com/escape-html/download/escape-html-1.0.3.tgz#0258eae4d3d0c0974de1c169188ef0051d1d1988"
  integrity sha1-Aljq5NPQwJdN4cFpGI7wBR0dGYg=

estree-walker@^2.0.2:
  version "2.0.2"
  resolved "http://r.npm.sankuai.com/estree-walker/download/estree-walker-2.0.2.tgz#52f010178c2a4c117a7757cfe942adb7d2da4cac"
  integrity sha1-UvAQF4wqTBF6d1fP6UKtt9LaTKw=

fsevents@~2.3.2:
  version "2.3.3"
  resolved "http://r.npm.sankuai.com/fsevents/download/fsevents-2.3.3.tgz#cac6407785d03675a2a5e1a5305c697b347d90d6"
  integrity sha1-ysZAd4XQNnWipeGlMFxpezR9kNY=

lodash-es@^4.17.21:
  version "4.17.21"
  resolved "http://r.npm.sankuai.com/lodash-es/download/lodash-es-4.17.21.tgz#43e626c46e6591b7750beb2b50117390c609e3ee"
  integrity sha1-Q+YmxG5lkbd1C+srUBFzkMYJ4+4=

lodash-unified@^1.0.2:
  version "1.0.3"
  resolved "http://r.npm.sankuai.com/lodash-unified/download/lodash-unified-1.0.3.tgz#80b1eac10ed2eb02ed189f08614a29c27d07c894"
  integrity sha1-gLHqwQ7S6wLtGJ8IYUopwn0HyJQ=

lodash@^4.17.21:
  version "4.17.21"
  resolved "http://r.npm.sankuai.com/lodash/download/lodash-4.17.21.tgz#679591c564c3bffaae8454cf0b3df370c3d6911c"
  integrity sha1-Z5WRxWTDv/quhFTPCz3zcMPWkRw=

magic-string@^0.30.11:
  version "0.30.17"
  resolved "http://r.npm.sankuai.com/magic-string/download/magic-string-0.30.17.tgz#450a449673d2460e5bbcfba9a61916a1714c7453"
  integrity sha1-RQpElnPSRg5bvPupphkWoXFMdFM=
  dependencies:
    "@jridgewell/sourcemap-codec" "^1.5.0"

memoize-one@^6.0.0:
  version "6.0.0"
  resolved "http://r.npm.sankuai.com/memoize-one/download/memoize-one-6.0.0.tgz#b2591b871ed82948aee4727dc6abceeeac8c1045"
  integrity sha1-slkbhx7YKUiu5HJ9xqvO7qyMEEU=

nanoid@^3.3.8:
  version "3.3.11"
  resolved "http://r.npm.sankuai.com/nanoid/download/nanoid-3.3.11.tgz#4f4f112cefbe303202f2199838128936266d185b"
  integrity sha1-T08RLO++MDIC8hmYOBKJNiZtGFs=

normalize-wheel-es@^1.2.0:
  version "1.2.0"
  resolved "http://r.npm.sankuai.com/normalize-wheel-es/download/normalize-wheel-es-1.2.0.tgz#0fa2593d619f7245a541652619105ab076acf09e"
  integrity sha1-D6JZPWGfckWlQWUmGRBasHas8J4=

picocolors@^1.1.1:
  version "1.1.1"
  resolved "http://r.npm.sankuai.com/picocolors/download/picocolors-1.1.1.tgz#3d321af3eab939b083c8f929a1d12cda81c26b6b"
  integrity sha1-PTIa8+q5ObCDyPkpodEs2oHCa2s=

postcss@^8.4.27, postcss@^8.4.48:
  version "8.5.3"
  resolved "http://r.npm.sankuai.com/postcss/download/postcss-8.5.3.tgz#1463b6f1c7fb16fe258736cba29a2de35237eafb"
  integrity sha1-FGO28cf7Fv4lhzbLopot41I36vs=
  dependencies:
    nanoid "^3.3.8"
    picocolors "^1.1.1"
    source-map-js "^1.2.1"

rollup@^3.27.1:
  version "3.29.5"
  resolved "http://r.npm.sankuai.com/rollup/download/rollup-3.29.5.tgz#8a2e477a758b520fb78daf04bca4c522c1da8a54"
  integrity sha1-ii5HenWLUg+3ja8EvKTFIsHailQ=
  optionalDependencies:
    fsevents "~2.3.2"

source-map-js@^1.2.0, source-map-js@^1.2.1:
  version "1.2.1"
  resolved "http://r.npm.sankuai.com/source-map-js/download/source-map-js-1.2.1.tgz#1ce5650fddd87abc099eda37dcff024c2667ae46"
  integrity sha1-HOVlD93YerwJnto33P8CTCZnrkY=

vite@^4.4.9:
  version "4.5.13"
  resolved "http://r.npm.sankuai.com/vite/download/vite-4.5.13.tgz#778534a947112c6c455e89737730fae5d458a294"
  integrity sha1-d4U0qUcRLGxFXolzdzD65dRYopQ=
  dependencies:
    esbuild "^0.18.10"
    postcss "^8.4.27"
    rollup "^3.27.1"
  optionalDependencies:
    fsevents "~2.3.2"

vue-demi@*:
  version "0.14.10"
  resolved "http://r.npm.sankuai.com/vue-demi/download/vue-demi-0.14.10.tgz#afc78de3d6f9e11bf78c55e8510ee12814522f04"
  integrity sha1-r8eN49b54Rv3jFXoUQ7hKBRSLwQ=

vue-router@^4.2.4:
  version "4.5.0"
  resolved "http://r.npm.sankuai.com/vue-router/download/vue-router-4.5.0.tgz#58fc5fe374e10b6018f910328f756c3dae081f14"
  integrity sha1-WPxf43ThC2AY+RAyj3VsPa4IHxQ=
  dependencies:
    "@vue/devtools-api" "^6.6.4"

vue@^3.3.4:
  version "3.5.13"
  resolved "http://r.npm.sankuai.com/vue/download/vue-3.5.13.tgz#9f760a1a982b09c0c04a867903fc339c9f29ec0a"
  integrity sha1-n3YKGpgrCcDASoZ5A/wznJ8p7Ao=
  dependencies:
    "@vue/compiler-dom" "3.5.13"
    "@vue/compiler-sfc" "3.5.13"
    "@vue/runtime-dom" "3.5.13"
    "@vue/server-renderer" "3.5.13"
    "@vue/shared" "3.5.13"
